
Microsoft Visual Studio Solution File, Format Version 12.00
# Visual Studio Version 17
VisualStudioVersion = 17.6.33815.320
MinimumVisualStudioVersion = 10.0.40219.1
Project("{FAE04EC0-301F-11D3-BF4B-00C04F79EFBC}") = "NewTalents", "NewTalents\NewTalents.csproj", "{BB5AFEBD-D903-487F-BAC5-FD6CB7F98ADE}"
EndProject
Project("{FAE04EC0-301F-11D3-BF4B-00C04F79EFBC}") = "TestsNewTalents", "TestsNewTalents\TestsNewTalents.csproj", "{D1DF8D0E-BF0C-4C31-A544-9A7CCBA5B359}"
EndProject
Global
	GlobalSection(SolutionConfigurationPlatforms) = preSolution
		Debug|Any CPU = Debug|Any CPU
		Release|Any CPU = Release|Any CPU
	EndGlobalSection
	GlobalSection(ProjectConfigurationPlatforms) = postSolution
		{BB5AFEBD-D903-487F-BAC5-FD6CB7F98ADE}.Debug|Any CPU.ActiveCfg = Debug|Any CPU
		{BB5AFEBD-D903-487F-BAC5-FD6CB7F98ADE}.Debug|Any CPU.Build.0 = Debug|Any CPU
		{BB5AFEBD-D903-487F-BAC5-FD6CB7F98ADE}.Release|Any CPU.ActiveCfg = Release|Any CPU
		{BB5AFEBD-D903-487F-BAC5-FD6CB7F98ADE}.Release|Any CPU.Build.0 = Release|Any CPU
		{D1DF8D0E-BF0C-4C31-A544-9A7CCBA5B359}.Debug|Any CPU.ActiveCfg = Debug|Any CPU
		{D1DF8D0E-BF0C-4C31-A544-9A7CCBA5B359}.Debug|Any CPU.Build.0 = Debug|Any CPU
		{D1DF8D0E-BF0C-4C31-A544-9A7CCBA5B359}.Release|Any CPU.ActiveCfg = Release|Any CPU
		{D1DF8D0E-BF0C-4C31-A544-9A7CCBA5B359}.Release|Any CPU.Build.0 = Release|Any CPU
	EndGlobalSection
	GlobalSection(SolutionProperties) = preSolution
		HideSolutionNode = FALSE
	EndGlobalSection
	GlobalSection(ExtensibilityGlobals) = postSolution
		SolutionGuid = {0DEFF0A9-F094-4DD7-8546-1A10B4A0D2BB}
	EndGlobalSection
EndGlobal
